
Microsoft Visual Studio Solution File, Format Version 11.00
# Visual Studio 2010
Project("{8BC9CEB8-8B4A-11D0-8D11-00A0C91BC942}") = "scratchwork", "scratchwork\scratchwork.vcxproj", "{74D19649-C9EA-42AA-B45B-6744AA075576}"
EndProject
Project("{8BC9CEB8-8B4A-11D0-8D11-00A0C91BC942}") = "text_adventure", "text_adventure\text_adventure.vcxproj", "{2D143C6F-8B9B-499F-867D-EF7CB7096956}"
EndProject
Project("{8BC9CEB8-8B4A-11D0-8D11-00A0C91BC942}") = "high_scores", "high_scores\high_scores.vcxproj", "{E1C46F54-5757-4F86-9856-288C869570F6}"
EndProject
Project("{8BC9CEB8-8B4A-11D0-8D11-00A0C91BC942}") = "Formatting Excercise", "Formatting Excercise\Formatting Excercise.vcxproj", "{AC05DB6D-44D9-404E-A454-21C71772C772}"
EndProject
Project("{8BC9CEB8-8B4A-11D0-8D11-00A0C91BC942}") = "TennisPong", "TennisPong\TennisPong.vcxproj", "{8FFBD4A3-3A60-4A63-937A-819442B2FB84}"
EndProject
Project("{8BC9CEB8-8B4A-11D0-8D11-00A0C91BC942}") = "Shooter", "Shooter\Shooter.vcxproj", "{C5DC3AEA-3C01-48CA-8F8E-6EBCA06B30C3}"
EndProject
Project("{8BC9CEB8-8B4A-11D0-8D11-00A0C91BC942}") = "StupidShooter", "StupidShooter\StupidShooter.vcxproj", "{37CD679B-52B9-4279-8F0E-83890D68F546}"
EndProject
Project("{8BC9CEB8-8B4A-11D0-8D11-00A0C91BC942}") = "MathTest", "MathTest\MathTest.vcxproj", "{CC8B28B8-7907-4C04-9A9A-A246AD6BCA0D}"
EndProject
Project("{8BC9CEB8-8B4A-11D0-8D11-00A0C91BC942}") = "MyFirstEngine", "MyFirstEngine\MyFirstEngine.vcxproj", "{91868AE9-2027-4BFE-A3D1-A84A843966EE}"
EndProject
Project("{8BC9CEB8-8B4A-11D0-8D11-00A0C91BC942}") = "EngineDemo", "EngineDemo\EngineDemo.vcxproj", "{CA39AF20-419E-4722-8D67-F2A37195D93F}"
EndProject
Project("{8BC9CEB8-8B4A-11D0-8D11-00A0C91BC942}") = "MathLibrary", "MathLibrary\MathLibrary.vcxproj", "{760CFE98-F0A1-42CF-B14C-9A601C462C5B}"
EndProject
Project("{8BC9CEB8-8B4A-11D0-8D11-00A0C91BC942}") = "Scripting", "Scripting\Scripting.vcxproj", "{249CC68B-8D58-460D-9309-BAFD52840C1B}"
EndProject
Global
	GlobalSection(SolutionConfigurationPlatforms) = preSolution
		Debug|Win32 = Debug|Win32
		Debug|x64 = Debug|x64
		Release|Win32 = Release|Win32
		Release|x64 = Release|x64
	EndGlobalSection
	GlobalSection(ProjectConfigurationPlatforms) = postSolution
		{74D19649-C9EA-42AA-B45B-6744AA075576}.Debug|Win32.ActiveCfg = Debug|Win32
		{74D19649-C9EA-42AA-B45B-6744AA075576}.Debug|Win32.Build.0 = Debug|Win32
		{74D19649-C9EA-42AA-B45B-6744AA075576}.Debug|x64.ActiveCfg = Debug|Win32
		{74D19649-C9EA-42AA-B45B-6744AA075576}.Release|Win32.ActiveCfg = Release|Win32
		{74D19649-C9EA-42AA-B45B-6744AA075576}.Release|Win32.Build.0 = Release|Win32
		{74D19649-C9EA-42AA-B45B-6744AA075576}.Release|x64.ActiveCfg = Release|Win32
		{2D143C6F-8B9B-499F-867D-EF7CB7096956}.Debug|Win32.ActiveCfg = Debug|Win32
		{2D143C6F-8B9B-499F-867D-EF7CB7096956}.Debug|Win32.Build.0 = Debug|Win32
		{2D143C6F-8B9B-499F-867D-EF7CB7096956}.Debug|x64.ActiveCfg = Debug|Win32
		{2D143C6F-8B9B-499F-867D-EF7CB7096956}.Release|Win32.ActiveCfg = Release|Win32
		{2D143C6F-8B9B-499F-867D-EF7CB7096956}.Release|Win32.Build.0 = Release|Win32
		{2D143C6F-8B9B-499F-867D-EF7CB7096956}.Release|x64.ActiveCfg = Release|Win32
		{E1C46F54-5757-4F86-9856-288C869570F6}.Debug|Win32.ActiveCfg = Debug|Win32
		{E1C46F54-5757-4F86-9856-288C869570F6}.Debug|Win32.Build.0 = Debug|Win32
		{E1C46F54-5757-4F86-9856-288C869570F6}.Debug|x64.ActiveCfg = Debug|Win32
		{E1C46F54-5757-4F86-9856-288C869570F6}.Release|Win32.ActiveCfg = Release|Win32
		{E1C46F54-5757-4F86-9856-288C869570F6}.Release|Win32.Build.0 = Release|Win32
		{E1C46F54-5757-4F86-9856-288C869570F6}.Release|x64.ActiveCfg = Release|Win32
		{AC05DB6D-44D9-404E-A454-21C71772C772}.Debug|Win32.ActiveCfg = Debug|Win32
		{AC05DB6D-44D9-404E-A454-21C71772C772}.Debug|Win32.Build.0 = Debug|Win32
		{AC05DB6D-44D9-404E-A454-21C71772C772}.Debug|x64.ActiveCfg = Debug|Win32
		{AC05DB6D-44D9-404E-A454-21C71772C772}.Release|Win32.ActiveCfg = Release|Win32
		{AC05DB6D-44D9-404E-A454-21C71772C772}.Release|Win32.Build.0 = Release|Win32
		{AC05DB6D-44D9-404E-A454-21C71772C772}.Release|x64.ActiveCfg = Release|Win32
		{8FFBD4A3-3A60-4A63-937A-819442B2FB84}.Debug|Win32.ActiveCfg = Debug|Win32
		{8FFBD4A3-3A60-4A63-937A-819442B2FB84}.Debug|Win32.Build.0 = Debug|Win32
		{8FFBD4A3-3A60-4A63-937A-819442B2FB84}.Debug|x64.ActiveCfg = Debug|Win32
		{8FFBD4A3-3A60-4A63-937A-819442B2FB84}.Release|Win32.ActiveCfg = Release|Win32
		{8FFBD4A3-3A60-4A63-937A-819442B2FB84}.Release|Win32.Build.0 = Release|Win32
		{8FFBD4A3-3A60-4A63-937A-819442B2FB84}.Release|x64.ActiveCfg = Release|Win32
		{C5DC3AEA-3C01-48CA-8F8E-6EBCA06B30C3}.Debug|Win32.ActiveCfg = Debug|Win32
		{C5DC3AEA-3C01-48CA-8F8E-6EBCA06B30C3}.Debug|Win32.Build.0 = Debug|Win32
		{C5DC3AEA-3C01-48CA-8F8E-6EBCA06B30C3}.Debug|x64.ActiveCfg = Debug|Win32
		{C5DC3AEA-3C01-48CA-8F8E-6EBCA06B30C3}.Release|Win32.ActiveCfg = Release|Win32
		{C5DC3AEA-3C01-48CA-8F8E-6EBCA06B30C3}.Release|Win32.Build.0 = Release|Win32
		{C5DC3AEA-3C01-48CA-8F8E-6EBCA06B30C3}.Release|x64.ActiveCfg = Release|Win32
		{37CD679B-52B9-4279-8F0E-83890D68F546}.Debug|Win32.ActiveCfg = Debug|Win32
		{37CD679B-52B9-4279-8F0E-83890D68F546}.Debug|Win32.Build.0 = Debug|Win32
		{37CD679B-52B9-4279-8F0E-83890D68F546}.Debug|x64.ActiveCfg = Debug|Win32
		{37CD679B-52B9-4279-8F0E-83890D68F546}.Release|Win32.ActiveCfg = Release|Win32
		{37CD679B-52B9-4279-8F0E-83890D68F546}.Release|Win32.Build.0 = Release|Win32
		{37CD679B-52B9-4279-8F0E-83890D68F546}.Release|x64.ActiveCfg = Release|Win32
		{CC8B28B8-7907-4C04-9A9A-A246AD6BCA0D}.Debug|Win32.ActiveCfg = Debug|Win32
		{CC8B28B8-7907-4C04-9A9A-A246AD6BCA0D}.Debug|Win32.Build.0 = Debug|Win32
		{CC8B28B8-7907-4C04-9A9A-A246AD6BCA0D}.Debug|x64.ActiveCfg = Debug|Win32
		{CC8B28B8-7907-4C04-9A9A-A246AD6BCA0D}.Release|Win32.ActiveCfg = Release|Win32
		{CC8B28B8-7907-4C04-9A9A-A246AD6BCA0D}.Release|Win32.Build.0 = Release|Win32
		{CC8B28B8-7907-4C04-9A9A-A246AD6BCA0D}.Release|x64.ActiveCfg = Release|Win32
		{91868AE9-2027-4BFE-A3D1-A84A843966EE}.Debug|Win32.ActiveCfg = Debug|Win32
		{91868AE9-2027-4BFE-A3D1-A84A843966EE}.Debug|Win32.Build.0 = Debug|Win32
		{91868AE9-2027-4BFE-A3D1-A84A843966EE}.Debug|x64.ActiveCfg = Debug|Win32
		{91868AE9-2027-4BFE-A3D1-A84A843966EE}.Release|Win32.ActiveCfg = Release|Win32
		{91868AE9-2027-4BFE-A3D1-A84A843966EE}.Release|Win32.Build.0 = Release|Win32
		{91868AE9-2027-4BFE-A3D1-A84A843966EE}.Release|x64.ActiveCfg = Release|Win32
		{CA39AF20-419E-4722-8D67-F2A37195D93F}.Debug|Win32.ActiveCfg = Debug|Win32
		{CA39AF20-419E-4722-8D67-F2A37195D93F}.Debug|Win32.Build.0 = Debug|Win32
		{CA39AF20-419E-4722-8D67-F2A37195D93F}.Debug|x64.ActiveCfg = Debug|Win32
		{CA39AF20-419E-4722-8D67-F2A37195D93F}.Release|Win32.ActiveCfg = Release|Win32
		{CA39AF20-419E-4722-8D67-F2A37195D93F}.Release|Win32.Build.0 = Release|Win32
		{CA39AF20-419E-4722-8D67-F2A37195D93F}.Release|x64.ActiveCfg = Release|Win32
		{760CFE98-F0A1-42CF-B14C-9A601C462C5B}.Debug|Win32.ActiveCfg = Debug|Win32
		{760CFE98-F0A1-42CF-B14C-9A601C462C5B}.Debug|Win32.Build.0 = Debug|Win32
		{760CFE98-F0A1-42CF-B14C-9A601C462C5B}.Debug|x64.ActiveCfg = Debug|Win32
		{760CFE98-F0A1-42CF-B14C-9A601C462C5B}.Release|Win32.ActiveCfg = Release|Win32
		{760CFE98-F0A1-42CF-B14C-9A601C462C5B}.Release|Win32.Build.0 = Release|Win32
		{760CFE98-F0A1-42CF-B14C-9A601C462C5B}.Release|x64.ActiveCfg = Release|Win32
		{249CC68B-8D58-460D-9309-BAFD52840C1B}.Debug|Win32.ActiveCfg = Debug|Win32
		{249CC68B-8D58-460D-9309-BAFD52840C1B}.Debug|Win32.Build.0 = Debug|Win32
		{249CC68B-8D58-460D-9309-BAFD52840C1B}.Debug|x64.ActiveCfg = Debug|Win32
		{249CC68B-8D58-460D-9309-BAFD52840C1B}.Release|Win32.ActiveCfg = Release|Win32
		{249CC68B-8D58-460D-9309-BAFD52840C1B}.Release|Win32.Build.0 = Release|Win32
		{249CC68B-8D58-460D-9309-BAFD52840C1B}.Release|x64.ActiveCfg = Release|Win32
	EndGlobalSection
	GlobalSection(SolutionProperties) = preSolution
		HideSolutionNode = FALSE
	EndGlobalSection
EndGlobal
