<?xml version="1.0" encoding="utf-8"?>
<Project ToolsVersion="4.0" xmlns="http://schemas.microsoft.com/developer/msbuild/2003">
  <ItemGroup>
    <Filter Include="Source Files">
      <UniqueIdentifier>{6b03d911-6fc3-4c07-a858-34db691e974c}</UniqueIdentifier>
      <Extensions>cpp;cxx;c</Extensions>
    </Filter>
    <Filter Include="Header Files">
      <UniqueIdentifier>{34e1d7bf-073e-41f7-801f-58022687e7bb}</UniqueIdentifier>
      <Extensions>hpp;h</Extensions>
    </Filter>
  </ItemGroup>
  <ItemGroup>
    <None Include="ReadMe.txt" />
    <None Include="resources\fonts\arial.fnt" />
    <None Include="resources\shaders\StaticFW_Pixel.glsl" />
    <None Include="resources\shaders\StaticFW_Vertex.glsl" />
  </ItemGroup>
  <ItemGroup>
    <ClCompile Include="source\main.cpp">
      <Filter>Source Files</Filter>
    </ClCompile>
    <ClCompile Include="source\StopWatch.cpp">
      <Filter>Source Files</Filter>
    </ClCompile>
    <ClCompile Include="source\Sprite.cpp">
      <Filter>Source Files</Filter>
    </ClCompile>
  </ItemGroup>
  <ItemGroup>
    <ClInclude Include="include\AIE.h">
      <Filter>Header Files</Filter>
    </ClInclude>
    <ClInclude Include="include\Sprite.h">
      <Filter>Header Files</Filter>
    </ClInclude>
    <ClInclude Include="include\Globals.h">
      <Filter>Header Files</Filter>
    </ClInclude>
    <ClInclude Include="include\StopWatch.h">
      <Filter>Header Files</Filter>
    </ClInclude>
  </ItemGroup>
</Project>